// !$*UTF8*$!
{
	archiveVersion = 1;
	classes = {
	};
	objectVersion = 46;
	objects = {

/* Begin PBXBuildFile section */
		202821E01F16207700C5F307 /* ChannelListTableViewCell.swift in Sources */ = {isa = PBXBuildFile; fileRef = 202821DF1F16207700C5F307 /* ChannelListTableViewCell.swift */; };
		202821E21F17213500C5F307 /* ContactsViewController.swift in Sources */ = {isa = PBXBuildFile; fileRef = 202821E11F17213500C5F307 /* ContactsViewController.swift */; };
		202821E41F17483300C5F307 /* Contacts.swift in Sources */ = {isa = PBXBuildFile; fileRef = 202821E31F17483300C5F307 /* Contacts.swift */; };
		202821E81F1749E700C5F307 /* ContactsListTableViewCell.swift in Sources */ = {isa = PBXBuildFile; fileRef = 202821E71F1749E700C5F307 /* ContactsListTableViewCell.swift */; };
		20662A151F14A85D002A7489 /* SetUserViewController.swift in Sources */ = {isa = PBXBuildFile; fileRef = 20662A141F14A85C002A7489 /* SetUserViewController.swift */; };
		20662A171F15CE7F002A7489 /* SettingsTableViewController.swift in Sources */ = {isa = PBXBuildFile; fileRef = 20662A161F15CE7F002A7489 /* SettingsTableViewController.swift */; };
		20690A181F26FB31003EF7AB /* UserNotifications.framework in Frameworks */ = {isa = PBXBuildFile; fileRef = 20690A171F26FB31003EF7AB /* UserNotifications.framework */; };
		20A019F91F1C6C320025BC10 /* nuschatUITests.swift in Sources */ = {isa = PBXBuildFile; fileRef = 20A019F81F1C6C320025BC10 /* nuschatUITests.swift */; };
		20A01A011F1C6CA00025BC10 /* SnapshotHelper.swift in Sources */ = {isa = PBXBuildFile; fileRef = 20A01A001F1C6CA00025BC10 /* SnapshotHelper.swift */; };
		20B5CFB51F1DB5BE00444543 /* GoogleService-Info.plist in Resources */ = {isa = PBXBuildFile; fileRef = 20B5CFB41F1DB5BE00444543 /* GoogleService-Info.plist */; };
		459780D31D6465FB007BE66F /* UIImage+Gif.swift in Sources */ = {isa = PBXBuildFile; fileRef = 459780D21D6465FB007BE66F /* UIImage+Gif.swift */; };
		459E535F1D4BF36A00E675A5 /* License in Resources */ = {isa = PBXBuildFile; fileRef = 459E535E1D4BF36A00E675A5 /* License */; };
		45A0D8FA1D49419500F26729 /* ChannelListViewController.swift in Sources */ = {isa = PBXBuildFile; fileRef = 45A0D8F91D49419500F26729 /* ChannelListViewController.swift */; };
		45A0D8FE1D49508800F26729 /* CreateChannelCell.swift in Sources */ = {isa = PBXBuildFile; fileRef = 45A0D8FD1D49508800F26729 /* CreateChannelCell.swift */; };
		45A0D9011D4BB5E900F26729 /* Channel.swift in Sources */ = {isa = PBXBuildFile; fileRef = 45A0D9001D4BB5E900F26729 /* Channel.swift */; };
		9D6512BF23B6C41A5C95FFBF /* Pods_nuschat.framework in Frameworks */ = {isa = PBXBuildFile; fileRef = DB40A0626B0EAEA6C1C538A3 /* Pods_nuschat.framework */; };
		BB53557A1BEF765800321277 /* AppDelegate.swift in Sources */ = {isa = PBXBuildFile; fileRef = BB5355791BEF765800321277 /* AppDelegate.swift */; };
		BB53557C1BEF765800321277 /* LoginViewController.swift in Sources */ = {isa = PBXBuildFile; fileRef = BB53557B1BEF765800321277 /* LoginViewController.swift */; };
		BB53557F1BEF765800321277 /* Main.storyboard in Resources */ = {isa = PBXBuildFile; fileRef = BB53557D1BEF765800321277 /* Main.storyboard */; };
		BB5355811BEF765800321277 /* Assets.xcassets in Resources */ = {isa = PBXBuildFile; fileRef = BB5355801BEF765800321277 /* Assets.xcassets */; };
		BB5355841BEF765800321277 /* LaunchScreen.storyboard in Resources */ = {isa = PBXBuildFile; fileRef = BB5355821BEF765800321277 /* LaunchScreen.storyboard */; };
		BB53558F1BEF7E9700321277 /* ChatViewController.swift in Sources */ = {isa = PBXBuildFile; fileRef = BB53558E1BEF7E9700321277 /* ChatViewController.swift */; };
/* End PBXBuildFile section */

/* Begin PBXContainerItemProxy section */
		20A019FB1F1C6C320025BC10 /* PBXContainerItemProxy */ = {
			isa = PBXContainerItemProxy;
			containerPortal = BB53556E1BEF765800321277 /* Project object */;
			proxyType = 1;
			remoteGlobalIDString = BB5355751BEF765800321277;
			remoteInfo = nuschat;
		};
/* End PBXContainerItemProxy section */

/* Begin PBXFileReference section */
		0557DFEA3BD186D8D3D7051F /* Pods-Chatchat.release.xcconfig */ = {isa = PBXFileReference; includeInIndex = 1; lastKnownFileType = text.xcconfig; name = "Pods-Chatchat.release.xcconfig"; path = "Pods/Target Support Files/Pods-Chatchat/Pods-Chatchat.release.xcconfig"; sourceTree = "<group>"; };
		1FF7EA5C69CFB0AFCC0067BA /* Pods-ChatChat.release.xcconfig */ = {isa = PBXFileReference; includeInIndex = 1; lastKnownFileType = text.xcconfig; name = "Pods-ChatChat.release.xcconfig"; path = "Pods/Target Support Files/Pods-ChatChat/Pods-ChatChat.release.xcconfig"; sourceTree = "<group>"; };
		202821DF1F16207700C5F307 /* ChannelListTableViewCell.swift */ = {isa = PBXFileReference; fileEncoding = 4; lastKnownFileType = sourcecode.swift; path = ChannelListTableViewCell.swift; sourceTree = "<group>"; };
		202821E11F17213500C5F307 /* ContactsViewController.swift */ = {isa = PBXFileReference; fileEncoding = 4; lastKnownFileType = sourcecode.swift; path = ContactsViewController.swift; sourceTree = "<group>"; };
		202821E31F17483300C5F307 /* Contacts.swift */ = {isa = PBXFileReference; fileEncoding = 4; lastKnownFileType = sourcecode.swift; path = Contacts.swift; sourceTree = "<group>"; };
		202821E71F1749E700C5F307 /* ContactsListTableViewCell.swift */ = {isa = PBXFileReference; fileEncoding = 4; lastKnownFileType = sourcecode.swift; path = ContactsListTableViewCell.swift; sourceTree = "<group>"; };
		20662A141F14A85C002A7489 /* SetUserViewController.swift */ = {isa = PBXFileReference; fileEncoding = 4; lastKnownFileType = sourcecode.swift; path = SetUserViewController.swift; sourceTree = "<group>"; };
		20662A161F15CE7F002A7489 /* SettingsTableViewController.swift */ = {isa = PBXFileReference; fileEncoding = 4; lastKnownFileType = sourcecode.swift; path = SettingsTableViewController.swift; sourceTree = "<group>"; };
		20690A171F26FB31003EF7AB /* UserNotifications.framework */ = {isa = PBXFileReference; lastKnownFileType = wrapper.framework; name = UserNotifications.framework; path = System/Library/Frameworks/UserNotifications.framework; sourceTree = SDKROOT; };
		20A019F61F1C6C320025BC10 /* nuschatUITests.xctest */ = {isa = PBXFileReference; explicitFileType = wrapper.cfbundle; includeInIndex = 0; path = nuschatUITests.xctest; sourceTree = BUILT_PRODUCTS_DIR; };
		20A019F81F1C6C320025BC10 /* nuschatUITests.swift */ = {isa = PBXFileReference; lastKnownFileType = sourcecode.swift; path = nuschatUITests.swift; sourceTree = "<group>"; };
		20A019FA1F1C6C320025BC10 /* Info.plist */ = {isa = PBXFileReference; lastKnownFileType = text.plist.xml; path = Info.plist; sourceTree = "<group>"; };
		20A01A001F1C6CA00025BC10 /* SnapshotHelper.swift */ = {isa = PBXFileReference; fileEncoding = 4; lastKnownFileType = sourcecode.swift; path = SnapshotHelper.swift; sourceTree = "<group>"; };
		20B5CFB41F1DB5BE00444543 /* GoogleService-Info.plist */ = {isa = PBXFileReference; fileEncoding = 4; lastKnownFileType = text.plist.xml; path = "GoogleService-Info.plist"; sourceTree = "<group>"; };
		260224A06A0DAAEF802437F5 /* Pods-nuschat.debug.xcconfig */ = {isa = PBXFileReference; includeInIndex = 1; lastKnownFileType = text.xcconfig; name = "Pods-nuschat.debug.xcconfig"; path = "Pods/Target Support Files/Pods-nuschat/Pods-nuschat.debug.xcconfig"; sourceTree = "<group>"; };
		4570C5E21D54FD11007946D9 /* ChatChat.entitlements */ = {isa = PBXFileReference; lastKnownFileType = text.plist.entitlements; path = ChatChat.entitlements; sourceTree = "<group>"; };
		459780D21D6465FB007BE66F /* UIImage+Gif.swift */ = {isa = PBXFileReference; fileEncoding = 4; lastKnownFileType = sourcecode.swift; path = "UIImage+Gif.swift"; sourceTree = "<group>"; };
		459E535E1D4BF36A00E675A5 /* License */ = {isa = PBXFileReference; fileEncoding = 4; lastKnownFileType = text; path = License; sourceTree = "<group>"; };
		45A0D8F91D49419500F26729 /* ChannelListViewController.swift */ = {isa = PBXFileReference; fileEncoding = 4; lastKnownFileType = sourcecode.swift; path = ChannelListViewController.swift; sourceTree = "<group>"; };
		45A0D8FD1D49508800F26729 /* CreateChannelCell.swift */ = {isa = PBXFileReference; fileEncoding = 4; lastKnownFileType = sourcecode.swift; path = CreateChannelCell.swift; sourceTree = "<group>"; };
		45A0D9001D4BB5E900F26729 /* Channel.swift */ = {isa = PBXFileReference; fileEncoding = 4; lastKnownFileType = sourcecode.swift; path = Channel.swift; sourceTree = "<group>"; };
		5328F59A176AB5E6A8CCA33F /* Pods-ChatChat.debug.xcconfig */ = {isa = PBXFileReference; includeInIndex = 1; lastKnownFileType = text.xcconfig; name = "Pods-ChatChat.debug.xcconfig"; path = "Pods/Target Support Files/Pods-ChatChat/Pods-ChatChat.debug.xcconfig"; sourceTree = "<group>"; };
		61192D1855764595CE606EB6 /* Pods-nuschat.release.xcconfig */ = {isa = PBXFileReference; includeInIndex = 1; lastKnownFileType = text.xcconfig; name = "Pods-nuschat.release.xcconfig"; path = "Pods/Target Support Files/Pods-nuschat/Pods-nuschat.release.xcconfig"; sourceTree = "<group>"; };
		B029BB471EE01BF489986D03 /* Pods-Chatchat.debug.xcconfig */ = {isa = PBXFileReference; includeInIndex = 1; lastKnownFileType = text.xcconfig; name = "Pods-Chatchat.debug.xcconfig"; path = "Pods/Target Support Files/Pods-Chatchat/Pods-Chatchat.debug.xcconfig"; sourceTree = "<group>"; };
		BB1E97061C147BAA00E34853 /* ChatChat-Bridging-Header.h */ = {isa = PBXFileReference; fileEncoding = 4; lastKnownFileType = sourcecode.c.h; path = "ChatChat-Bridging-Header.h"; sourceTree = "<group>"; };
		BB5355761BEF765800321277 /* nuschat.app */ = {isa = PBXFileReference; explicitFileType = wrapper.application; includeInIndex = 0; path = nuschat.app; sourceTree = BUILT_PRODUCTS_DIR; };
		BB5355791BEF765800321277 /* AppDelegate.swift */ = {isa = PBXFileReference; lastKnownFileType = sourcecode.swift; path = AppDelegate.swift; sourceTree = "<group>"; };
		BB53557B1BEF765800321277 /* LoginViewController.swift */ = {isa = PBXFileReference; lastKnownFileType = sourcecode.swift; path = LoginViewController.swift; sourceTree = "<group>"; };
		BB53557E1BEF765800321277 /* Base */ = {isa = PBXFileReference; lastKnownFileType = file.storyboard; name = Base; path = Base.lproj/Main.storyboard; sourceTree = "<group>"; };
		BB5355801BEF765800321277 /* Assets.xcassets */ = {isa = PBXFileReference; lastKnownFileType = folder.assetcatalog; path = Assets.xcassets; sourceTree = "<group>"; };
		BB5355831BEF765800321277 /* Base */ = {isa = PBXFileReference; lastKnownFileType = file.storyboard; name = Base; path = Base.lproj/LaunchScreen.storyboard; sourceTree = "<group>"; };
		BB5355851BEF765800321277 /* Info.plist */ = {isa = PBXFileReference; lastKnownFileType = text.plist.xml; path = Info.plist; sourceTree = "<group>"; };
		BB53558E1BEF7E9700321277 /* ChatViewController.swift */ = {isa = PBXFileReference; fileEncoding = 4; lastKnownFileType = sourcecode.swift; path = ChatViewController.swift; sourceTree = "<group>"; };
		DB40A0626B0EAEA6C1C538A3 /* Pods_nuschat.framework */ = {isa = PBXFileReference; explicitFileType = wrapper.framework; includeInIndex = 0; path = Pods_nuschat.framework; sourceTree = BUILT_PRODUCTS_DIR; };
		E8DDF38A1BEF88DC00B5F45A /* Accounts.framework */ = {isa = PBXFileReference; lastKnownFileType = wrapper.framework; name = Accounts.framework; path = System/Library/Frameworks/Accounts.framework; sourceTree = SDKROOT; };
		E8DDF38C1BEF88E200B5F45A /* Social.framework */ = {isa = PBXFileReference; lastKnownFileType = wrapper.framework; name = Social.framework; path = System/Library/Frameworks/Social.framework; sourceTree = SDKROOT; };
/* End PBXFileReference section */

/* Begin PBXFrameworksBuildPhase section */
		20A019F31F1C6C320025BC10 /* Frameworks */ = {
			isa = PBXFrameworksBuildPhase;
			buildActionMask = 2147483647;
			files = (
			);
			runOnlyForDeploymentPostprocessing = 0;
		};
		BB5355731BEF765800321277 /* Frameworks */ = {
			isa = PBXFrameworksBuildPhase;
			buildActionMask = 2147483647;
			files = (
				20690A181F26FB31003EF7AB /* UserNotifications.framework in Frameworks */,
				9D6512BF23B6C41A5C95FFBF /* Pods_nuschat.framework in Frameworks */,
			);
			runOnlyForDeploymentPostprocessing = 0;
		};
/* End PBXFrameworksBuildPhase section */

/* Begin PBXGroup section */
		20A019F71F1C6C320025BC10 /* nuschatUITests */ = {
			isa = PBXGroup;
			children = (
				20A019F81F1C6C320025BC10 /* nuschatUITests.swift */,
				20A01A001F1C6CA00025BC10 /* SnapshotHelper.swift */,
				20A019FA1F1C6C320025BC10 /* Info.plist */,
			);
			path = nuschatUITests;
			sourceTree = "<group>";
		};
		45A0D8FF1D4BB5DD00F26729 /* Model */ = {
			isa = PBXGroup;
			children = (
				45A0D9001D4BB5E900F26729 /* Channel.swift */,
				202821E31F17483300C5F307 /* Contacts.swift */,
			);
			name = Model;
			sourceTree = "<group>";
		};
		6DC35D55D07F0D2BD682C51C /* Pods */ = {
			isa = PBXGroup;
			children = (
				5328F59A176AB5E6A8CCA33F /* Pods-ChatChat.debug.xcconfig */,
				1FF7EA5C69CFB0AFCC0067BA /* Pods-ChatChat.release.xcconfig */,
				260224A06A0DAAEF802437F5 /* Pods-nuschat.debug.xcconfig */,
				61192D1855764595CE606EB6 /* Pods-nuschat.release.xcconfig */,
				B029BB471EE01BF489986D03 /* Pods-Chatchat.debug.xcconfig */,
				0557DFEA3BD186D8D3D7051F /* Pods-Chatchat.release.xcconfig */,
			);
			name = Pods;
			sourceTree = "<group>";
		};
		97CEDEF6DA0B51A3522B766A /* Frameworks */ = {
			isa = PBXGroup;
			children = (
				20690A171F26FB31003EF7AB /* UserNotifications.framework */,
				E8DDF38C1BEF88E200B5F45A /* Social.framework */,
				E8DDF38A1BEF88DC00B5F45A /* Accounts.framework */,
				DB40A0626B0EAEA6C1C538A3 /* Pods_nuschat.framework */,
			);
			name = Frameworks;
			sourceTree = "<group>";
		};
		BB53556D1BEF765800321277 = {
			isa = PBXGroup;
			children = (
				BB5355781BEF765800321277 /* ChatChat */,
				20A019F71F1C6C320025BC10 /* nuschatUITests */,
				BB5355771BEF765800321277 /* Products */,
				97CEDEF6DA0B51A3522B766A /* Frameworks */,
				6DC35D55D07F0D2BD682C51C /* Pods */,
			);
			sourceTree = "<group>";
		};
		BB5355771BEF765800321277 /* Products */ = {
			isa = PBXGroup;
			children = (
				BB5355761BEF765800321277 /* nuschat.app */,
				20A019F61F1C6C320025BC10 /* nuschatUITests.xctest */,
			);
			name = Products;
			sourceTree = "<group>";
		};
		BB5355781BEF765800321277 /* ChatChat */ = {
			isa = PBXGroup;
			children = (
				4570C5E21D54FD11007946D9 /* ChatChat.entitlements */,
				45A0D8FF1D4BB5DD00F26729 /* Model */,
				BB5355901BEF816500321277 /* Controller */,
				BB5355921BEF818700321277 /* Layout */,
				BB5355911BEF817A00321277 /* Supporting Files */,
				BB5355801BEF765800321277 /* Assets.xcassets */,
			);
			path = ChatChat;
			sourceTree = "<group>";
		};
		BB5355901BEF816500321277 /* Controller */ = {
			isa = PBXGroup;
			children = (
				BB53557B1BEF765800321277 /* LoginViewController.swift */,
				20662A141F14A85C002A7489 /* SetUserViewController.swift */,
				202821E11F17213500C5F307 /* ContactsViewController.swift */,
				45A0D8F91D49419500F26729 /* ChannelListViewController.swift */,
				BB53558E1BEF7E9700321277 /* ChatViewController.swift */,
				20662A161F15CE7F002A7489 /* SettingsTableViewController.swift */,
			);
			name = Controller;
			sourceTree = "<group>";
		};
		BB5355911BEF817A00321277 /* Supporting Files */ = {
			isa = PBXGroup;
			children = (
				BB1E97061C147BAA00E34853 /* ChatChat-Bridging-Header.h */,
				BB5355791BEF765800321277 /* AppDelegate.swift */,
				20B5CFB41F1DB5BE00444543 /* GoogleService-Info.plist */,
				459780D21D6465FB007BE66F /* UIImage+Gif.swift */,
				BB5355851BEF765800321277 /* Info.plist */,
			);
			name = "Supporting Files";
			sourceTree = "<group>";
		};
		BB5355921BEF818700321277 /* Layout */ = {
			isa = PBXGroup;
			children = (
				45A0D8FD1D49508800F26729 /* CreateChannelCell.swift */,
				202821DF1F16207700C5F307 /* ChannelListTableViewCell.swift */,
				202821E71F1749E700C5F307 /* ContactsListTableViewCell.swift */,
				BB53557D1BEF765800321277 /* Main.storyboard */,
				BB5355821BEF765800321277 /* LaunchScreen.storyboard */,
				459E535E1D4BF36A00E675A5 /* License */,
			);
			name = Layout;
			sourceTree = "<group>";
		};
/* End PBXGroup section */

/* Begin PBXNativeTarget section */
		20A019F51F1C6C320025BC10 /* nuschatUITests */ = {
			isa = PBXNativeTarget;
			buildConfigurationList = 20A019FD1F1C6C320025BC10 /* Build configuration list for PBXNativeTarget "nuschatUITests" */;
			buildPhases = (
				20A019F21F1C6C320025BC10 /* Sources */,
				20A019F31F1C6C320025BC10 /* Frameworks */,
				20A019F41F1C6C320025BC10 /* Resources */,
			);
			buildRules = (
			);
			dependencies = (
				20A019FC1F1C6C320025BC10 /* PBXTargetDependency */,
			);
			name = nuschatUITests;
			productName = nuschatUITests;
			productReference = 20A019F61F1C6C320025BC10 /* nuschatUITests.xctest */;
			productType = "com.apple.product-type.bundle.ui-testing";
		};
		BB5355751BEF765800321277 /* nuschat */ = {
			isa = PBXNativeTarget;
			buildConfigurationList = BB5355881BEF765800321277 /* Build configuration list for PBXNativeTarget "nuschat" */;
			buildPhases = (
				635DED115314FC4EB1740C3D /* [CP] Check Pods Manifest.lock */,
				BB5355721BEF765800321277 /* Sources */,
				BB5355731BEF765800321277 /* Frameworks */,
				BB5355741BEF765800321277 /* Resources */,
				2DE1BBAA208970F301DE8E5A /* [CP] Embed Pods Frameworks */,
				04198468B97D3BD237D0836B /* [CP] Copy Pods Resources */,
			);
			buildRules = (
			);
			dependencies = (
			);
			name = nuschat;
			productName = ChatChat;
			productReference = BB5355761BEF765800321277 /* nuschat.app */;
			productType = "com.apple.product-type.application";
		};
/* End PBXNativeTarget section */

/* Begin PBXProject section */
		BB53556E1BEF765800321277 /* Project object */ = {
			isa = PBXProject;
			attributes = {
				LastSwiftUpdateCheck = 0830;
				LastUpgradeCheck = 0800;
				ORGANIZATIONNAME = "Razeware LLC";
				TargetAttributes = {
					20A019F51F1C6C320025BC10 = {
						CreatedOnToolsVersion = 8.3.3;
						DevelopmentTeam = T3LJQF7T4D;
						ProvisioningStyle = Automatic;
						TestTargetID = BB5355751BEF765800321277;
					};
					BB5355751BEF765800321277 = {
						CreatedOnToolsVersion = 7.0;
						DevelopmentTeam = C3D428C667;
						LastSwiftMigration = 0800;
						SystemCapabilities = {
							com.apple.BackgroundModes = {
								enabled = 1;
							};
							com.apple.Keychain = {
								enabled = 1;
							};
							com.apple.Push = {
								enabled = 1;
							};
						};
					};
				};
			};
			buildConfigurationList = BB5355711BEF765800321277 /* Build configuration list for PBXProject "nuschat" */;
			compatibilityVersion = "Xcode 3.2";
			developmentRegion = English;
			hasScannedForEncodings = 0;
			knownRegions = (
				en,
				Base,
			);
			mainGroup = BB53556D1BEF765800321277;
			productRefGroup = BB5355771BEF765800321277 /* Products */;
			projectDirPath = "";
			projectRoot = "";
			targets = (
				BB5355751BEF765800321277 /* nuschat */,
				20A019F51F1C6C320025BC10 /* nuschatUITests */,
			);
		};
/* End PBXProject section */

/* Begin PBXResourcesBuildPhase section */
		20A019F41F1C6C320025BC10 /* Resources */ = {
			isa = PBXResourcesBuildPhase;
			buildActionMask = 2147483647;
			files = (
			);
			runOnlyForDeploymentPostprocessing = 0;
		};
		BB5355741BEF765800321277 /* Resources */ = {
			isa = PBXResourcesBuildPhase;
			buildActionMask = 2147483647;
			files = (
				BB5355841BEF765800321277 /* LaunchScreen.storyboard in Resources */,
				BB5355811BEF765800321277 /* Assets.xcassets in Resources */,
				20B5CFB51F1DB5BE00444543 /* GoogleService-Info.plist in Resources */,
				459E535F1D4BF36A00E675A5 /* License in Resources */,
				BB53557F1BEF765800321277 /* Main.storyboard in Resources */,
			);
			runOnlyForDeploymentPostprocessing = 0;
		};
/* End PBXResourcesBuildPhase section */

/* Begin PBXShellScriptBuildPhase section */
		04198468B97D3BD237D0836B /* [CP] Copy Pods Resources */ = {
			isa = PBXShellScriptBuildPhase;
			buildActionMask = 2147483647;
			files = (
			);
			inputPaths = (
			);
			name = "[CP] Copy Pods Resources";
			outputPaths = (
			);
			runOnlyForDeploymentPostprocessing = 0;
			shellPath = /bin/sh;
			shellScript = "\"${SRCROOT}/Pods/Target Support Files/Pods-nuschat/Pods-nuschat-resources.sh\"\n";
			showEnvVarsInLog = 0;
		};
		2DE1BBAA208970F301DE8E5A /* [CP] Embed Pods Frameworks */ = {
			isa = PBXShellScriptBuildPhase;
			buildActionMask = 2147483647;
			files = (
			);
			inputPaths = (
			);
			name = "[CP] Embed Pods Frameworks";
			outputPaths = (
			);
			runOnlyForDeploymentPostprocessing = 0;
			shellPath = /bin/sh;
			shellScript = "\"${SRCROOT}/Pods/Target Support Files/Pods-nuschat/Pods-nuschat-frameworks.sh\"\n";
			showEnvVarsInLog = 0;
		};
		635DED115314FC4EB1740C3D /* [CP] Check Pods Manifest.lock */ = {
			isa = PBXShellScriptBuildPhase;
			buildActionMask = 2147483647;
			files = (
			);
			inputPaths = (
			);
			name = "[CP] Check Pods Manifest.lock";
			outputPaths = (
			);
			runOnlyForDeploymentPostprocessing = 0;
			shellPath = /bin/sh;
			shellScript = "diff \"${PODS_PODFILE_DIR_PATH}/Podfile.lock\" \"${PODS_ROOT}/Manifest.lock\" > /dev/null\nif [ $? != 0 ] ; then\n    # print error to STDERR\n    echo \"error: The sandbox is not in sync with the Podfile.lock. Run 'pod install' or update your CocoaPods installation.\" >&2\n    exit 1\nfi\n";
			showEnvVarsInLog = 0;
		};
/* End PBXShellScriptBuildPhase section */

/* Begin PBXSourcesBuildPhase section */
		20A019F21F1C6C320025BC10 /* Sources */ = {
			isa = PBXSourcesBuildPhase;
			buildActionMask = 2147483647;
			files = (
				20A019F91F1C6C320025BC10 /* nuschatUITests.swift in Sources */,
				20A01A011F1C6CA00025BC10 /* SnapshotHelper.swift in Sources */,
			);
			runOnlyForDeploymentPostprocessing = 0;
		};
		BB5355721BEF765800321277 /* Sources */ = {
			isa = PBXSourcesBuildPhase;
			buildActionMask = 2147483647;
			files = (
				20662A151F14A85D002A7489 /* SetUserViewController.swift in Sources */,
				202821E21F17213500C5F307 /* ContactsViewController.swift in Sources */,
				202821E01F16207700C5F307 /* ChannelListTableViewCell.swift in Sources */,
				BB53557C1BEF765800321277 /* LoginViewController.swift in Sources */,
				45A0D9011D4BB5E900F26729 /* Channel.swift in Sources */,
				202821E81F1749E700C5F307 /* ContactsListTableViewCell.swift in Sources */,
				459780D31D6465FB007BE66F /* UIImage+Gif.swift in Sources */,
				BB53558F1BEF7E9700321277 /* ChatViewController.swift in Sources */,
				45A0D8FA1D49419500F26729 /* ChannelListViewController.swift in Sources */,
				202821E41F17483300C5F307 /* Contacts.swift in Sources */,
				BB53557A1BEF765800321277 /* AppDelegate.swift in Sources */,
				45A0D8FE1D49508800F26729 /* CreateChannelCell.swift in Sources */,
				20662A171F15CE7F002A7489 /* SettingsTableViewController.swift in Sources */,
			);
			runOnlyForDeploymentPostprocessing = 0;
		};
/* End PBXSourcesBuildPhase section */

/* Begin PBXTargetDependency section */
		20A019FC1F1C6C320025BC10 /* PBXTargetDependency */ = {
			isa = PBXTargetDependency;
			target = BB5355751BEF765800321277 /* nuschat */;
			targetProxy = 20A019FB1F1C6C320025BC10 /* PBXContainerItemProxy */;
		};
/* End PBXTargetDependency section */

/* Begin PBXVariantGroup section */
		BB53557D1BEF765800321277 /* Main.storyboard */ = {
			isa = PBXVariantGroup;
			children = (
				BB53557E1BEF765800321277 /* Base */,
			);
			name = Main.storyboard;
			sourceTree = "<group>";
		};
		BB5355821BEF765800321277 /* LaunchScreen.storyboard */ = {
			isa = PBXVariantGroup;
			children = (
				BB5355831BEF765800321277 /* Base */,
			);
			name = LaunchScreen.storyboard;
			sourceTree = "<group>";
		};
/* End PBXVariantGroup section */

/* Begin XCBuildConfiguration section */
		20A019FE1F1C6C320025BC10 /* Debug */ = {
			isa = XCBuildConfiguration;
			buildSettings = {
				CLANG_ANALYZER_NONNULL = YES;
				CLANG_ANALYZER_NUMBER_OBJECT_CONVERSION = YES_AGGRESSIVE;
				CLANG_WARN_DOCUMENTATION_COMMENTS = YES;
				DEVELOPMENT_TEAM = T3LJQF7T4D;
				INFOPLIST_FILE = nuschatUITests/Info.plist;
				IPHONEOS_DEPLOYMENT_TARGET = 10.3;
				LD_RUNPATH_SEARCH_PATHS = "$(inherited) @executable_path/Frameworks @loader_path/Frameworks";
				PRODUCT_BUNDLE_IDENTIFIER = com.nuschat.nuschatUITests;
				PRODUCT_NAME = "$(TARGET_NAME)";
				SWIFT_ACTIVE_COMPILATION_CONDITIONS = DEBUG;
				SWIFT_VERSION = 3.0;
				TEST_TARGET_NAME = nuschat;
			};
			name = Debug;
		};
		20A019FF1F1C6C320025BC10 /* Release */ = {
			isa = XCBuildConfiguration;
			buildSettings = {
				CLANG_ANALYZER_NONNULL = YES;
				CLANG_ANALYZER_NUMBER_OBJECT_CONVERSION = YES_AGGRESSIVE;
				CLANG_WARN_DOCUMENTATION_COMMENTS = YES;
				DEVELOPMENT_TEAM = T3LJQF7T4D;
				INFOPLIST_FILE = nuschatUITests/Info.plist;
				IPHONEOS_DEPLOYMENT_TARGET = 10.3;
				LD_RUNPATH_SEARCH_PATHS = "$(inherited) @executable_path/Frameworks @loader_path/Frameworks";
				PRODUCT_BUNDLE_IDENTIFIER = com.nuschat.nuschatUITests;
				PRODUCT_NAME = "$(TARGET_NAME)";
				SWIFT_OPTIMIZATION_LEVEL = "-Owholemodule";
				SWIFT_VERSION = 3.0;
				TEST_TARGET_NAME = nuschat;
			};
			name = Release;
		};
		BB5355861BEF765800321277 /* Debug */ = {
			isa = XCBuildConfiguration;
			buildSettings = {
				ALWAYS_SEARCH_USER_PATHS = NO;
				CLANG_CXX_LANGUAGE_STANDARD = "gnu++0x";
				CLANG_CXX_LIBRARY = "libc++";
				CLANG_ENABLE_MODULES = YES;
				CLANG_ENABLE_OBJC_ARC = YES;
				CLANG_WARN_BOOL_CONVERSION = YES;
				CLANG_WARN_CONSTANT_CONVERSION = YES;
				CLANG_WARN_DIRECT_OBJC_ISA_USAGE = YES_ERROR;
				CLANG_WARN_EMPTY_BODY = YES;
				CLANG_WARN_ENUM_CONVERSION = YES;
				CLANG_WARN_INFINITE_RECURSION = YES;
				CLANG_WARN_INT_CONVERSION = YES;
				CLANG_WARN_OBJC_ROOT_CLASS = YES_ERROR;
				CLANG_WARN_SUSPICIOUS_MOVE = YES;
				CLANG_WARN_UNREACHABLE_CODE = YES;
				CLANG_WARN__DUPLICATE_METHOD_MATCH = YES;
				"CODE_SIGN_IDENTITY[sdk=iphoneos*]" = "iPhone Developer";
				COPY_PHASE_STRIP = NO;
				DEBUG_INFORMATION_FORMAT = dwarf;
				ENABLE_STRICT_OBJC_MSGSEND = YES;
				ENABLE_TESTABILITY = YES;
				GCC_C_LANGUAGE_STANDARD = gnu99;
				GCC_DYNAMIC_NO_PIC = NO;
				GCC_NO_COMMON_BLOCKS = YES;
				GCC_OPTIMIZATION_LEVEL = 0;
				GCC_PREPROCESSOR_DEFINITIONS = (
					"DEBUG=1",
					"$(inherited)",
				);
				GCC_WARN_64_TO_32_BIT_CONVERSION = YES;
				GCC_WARN_ABOUT_RETURN_TYPE = YES_ERROR;
				GCC_WARN_UNDECLARED_SELECTOR = YES;
				GCC_WARN_UNINITIALIZED_AUTOS = YES_AGGRESSIVE;
				GCC_WARN_UNUSED_FUNCTION = YES;
				GCC_WARN_UNUSED_VARIABLE = YES;
				IPHONEOS_DEPLOYMENT_TARGET = 9.0;
				MTL_ENABLE_DEBUG_INFO = YES;
				ONLY_ACTIVE_ARCH = YES;
				PRODUCT_NAME = RIC;
				SDKROOT = iphoneos;
				SWIFT_OPTIMIZATION_LEVEL = "-Onone";
			};
			name = Debug;
		};
		BB5355871BEF765800321277 /* Release */ = {
			isa = XCBuildConfiguration;
			buildSettings = {
				ALWAYS_SEARCH_USER_PATHS = NO;
				CLANG_CXX_LANGUAGE_STANDARD = "gnu++0x";
				CLANG_CXX_LIBRARY = "libc++";
				CLANG_ENABLE_MODULES = YES;
				CLANG_ENABLE_OBJC_ARC = YES;
				CLANG_WARN_BOOL_CONVERSION = YES;
				CLANG_WARN_CONSTANT_CONVERSION = YES;
				CLANG_WARN_DIRECT_OBJC_ISA_USAGE = YES_ERROR;
				CLANG_WARN_EMPTY_BODY = YES;
				CLANG_WARN_ENUM_CONVERSION = YES;
				CLANG_WARN_INFINITE_RECURSION = YES;
				CLANG_WARN_INT_CONVERSION = YES;
				CLANG_WARN_OBJC_ROOT_CLASS = YES_ERROR;
				CLANG_WARN_SUSPICIOUS_MOVE = YES;
				CLANG_WARN_UNREACHABLE_CODE = YES;
				CLANG_WARN__DUPLICATE_METHOD_MATCH = YES;
				"CODE_SIGN_IDENTITY[sdk=iphoneos*]" = "iPhone Developer";
				COPY_PHASE_STRIP = NO;
				DEBUG_INFORMATION_FORMAT = "dwarf-with-dsym";
				ENABLE_NS_ASSERTIONS = NO;
				ENABLE_STRICT_OBJC_MSGSEND = YES;
				GCC_C_LANGUAGE_STANDARD = gnu99;
				GCC_NO_COMMON_BLOCKS = YES;
				GCC_WARN_64_TO_32_BIT_CONVERSION = YES;
				GCC_WARN_ABOUT_RETURN_TYPE = YES_ERROR;
				GCC_WARN_UNDECLARED_SELECTOR = YES;
				GCC_WARN_UNINITIALIZED_AUTOS = YES_AGGRESSIVE;
				GCC_WARN_UNUSED_FUNCTION = YES;
				GCC_WARN_UNUSED_VARIABLE = YES;
				IPHONEOS_DEPLOYMENT_TARGET = 9.0;
				MTL_ENABLE_DEBUG_INFO = NO;
				PRODUCT_NAME = RIC;
				SDKROOT = iphoneos;
				VALIDATE_PRODUCT = YES;
			};
			name = Release;
		};
		BB5355891BEF765800321277 /* Debug */ = {
			isa = XCBuildConfiguration;
			baseConfigurationReference = 260224A06A0DAAEF802437F5 /* Pods-nuschat.debug.xcconfig */;
			buildSettings = {
				ALWAYS_EMBED_SWIFT_STANDARD_LIBRARIES = YES;
				ASSETCATALOG_COMPILER_APPICON_NAME = AppIcon;
				CLANG_ENABLE_MODULES = YES;
				CODE_SIGN_ENTITLEMENTS = ChatChat/ChatChat.entitlements;
				CODE_SIGN_IDENTITY = "iPhone Developer";
				"CODE_SIGN_IDENTITY[sdk=iphoneos*]" = "iPhone Developer";
				CURRENT_PROJECT_VERSION = 7;
				DEVELOPMENT_TEAM = C3D428C667;
				INFOPLIST_FILE = ChatChat/Info.plist;
				IPHONEOS_DEPLOYMENT_TARGET = 10.2;
				LD_RUNPATH_SEARCH_PATHS = "$(inherited) @executable_path/Frameworks";
				PRODUCT_BUNDLE_IDENTIFIER = com.nuschat;
				PRODUCT_NAME = "$(TARGET_NAME)";
				PROVISIONING_PROFILE = "";
				SWIFT_OBJC_BRIDGING_HEADER = "ChatChat/ChatChat-Bridging-Header.h";
				SWIFT_OPTIMIZATION_LEVEL = "-Onone";
				SWIFT_VERSION = 3.0;
			};
			name = Debug;
		};
		BB53558A1BEF765800321277 /* Release */ = {
			isa = XCBuildConfiguration;
			baseConfigurationReference = 61192D1855764595CE606EB6 /* Pods-nuschat.release.xcconfig */;
			buildSettings = {
				ALWAYS_EMBED_SWIFT_STANDARD_LIBRARIES = YES;
				ASSETCATALOG_COMPILER_APPICON_NAME = AppIcon;
				CLANG_ENABLE_MODULES = YES;
				CODE_SIGN_ENTITLEMENTS = ChatChat/ChatChat.entitlements;
				CODE_SIGN_IDENTITY = "iPhone Developer";
				"CODE_SIGN_IDENTITY[sdk=iphoneos*]" = "iPhone Developer";
				CURRENT_PROJECT_VERSION = 7;
				DEVELOPMENT_TEAM = C3D428C667;
				INFOPLIST_FILE = ChatChat/Info.plist;
				IPHONEOS_DEPLOYMENT_TARGET = 10.2;
				LD_RUNPATH_SEARCH_PATHS = "$(inherited) @executable_path/Frameworks";
				PRODUCT_BUNDLE_IDENTIFIER = com.nuschat;
				PRODUCT_NAME = "$(TARGET_NAME)";
				PROVISIONING_PROFILE = "";
				SWIFT_OBJC_BRIDGING_HEADER = "ChatChat/ChatChat-Bridging-Header.h";
				SWIFT_OPTIMIZATION_LEVEL = "-Owholemodule";
				SWIFT_VERSION = 3.0;
			};
			name = Release;
		};
/* End XCBuildConfiguration section */

/* Begin XCConfigurationList section */
		20A019FD1F1C6C320025BC10 /* Build configuration list for PBXNativeTarget "nuschatUITests" */ = {
			isa = XCConfigurationList;
			buildConfigurations = (
				20A019FE1F1C6C320025BC10 /* Debug */,
				20A019FF1F1C6C320025BC10 /* Release */,
			);
			defaultConfigurationIsVisible = 0;
			defaultConfigurationName = Release;
		};
		BB5355711BEF765800321277 /* Build configuration list for PBXProject "nuschat" */ = {
			isa = XCConfigurationList;
			buildConfigurations = (
				BB5355861BEF765800321277 /* Debug */,
				BB5355871BEF765800321277 /* Release */,
			);
			defaultConfigurationIsVisible = 0;
			defaultConfigurationName = Release;
		};
		BB5355881BEF765800321277 /* Build configuration list for PBXNativeTarget "nuschat" */ = {
			isa = XCConfigurationList;
			buildConfigurations = (
				BB5355891BEF765800321277 /* Debug */,
				BB53558A1BEF765800321277 /* Release */,
			);
			defaultConfigurationIsVisible = 0;
			defaultConfigurationName = Release;
		};
/* End XCConfigurationList section */
	};
	rootObject = BB53556E1BEF765800321277 /* Project object */;
}
